hash: ff7c7f98bd29345069f8f7e2c171f12d46dff4c9dee144709ca8b47ce97279a0
updated: 2018-02-16T16:23:17.646635967-05:00
imports:
- name: code.cloudfoundry.org/localip
  version: b88ad0dea95cd41f302cf7eb6ed951efafaf47f2
- name: github.com/boltdb/bolt
  version: 2f1ce7a837dcb8da3ec595b1dac9d0632f0f99e8
  subpackages:
  - '...'
- name: github.com/cloudfoundry-community/go-cfclient
  version: dbe382d68b57a2345f60b71935eb6e8cfa7e5895
- name: github.com/cloudfoundry-incubator/uaago
  version: 62f94a1e205fd1523746191c8adb816007fa73bb
- name: github.com/cloudfoundry/gosteno
  version: 0c8581caea35ac903728230e447792e2365dcc34
- name: github.com/cloudfoundry/noaa
  version: a1d4a94e2be6711111893c59538976d07ef7ea98
  subpackages:
  - consumer
  - errors
- name: github.com/cloudfoundry/sonde-go
  version: 78019103037ae46207993c8816e970d85bf1a9e4
  subpackages:
  - events
- name: github.com/coreos/bbolt
  version: 48ea1b39c25fc1bab3506fbc712ecbaa842c4d2d
  subpackages:
  - '...'
- name: github.com/gogo/protobuf
  version: 100ba4e885062801d56799d78530b73b178a78f3
  subpackages:
  - proto
- name: github.com/gorilla/websocket
  version: ea4d1f681babbce9545c9c5f3d5194a789c89f5b
- name: github.com/hashicorp/go-retryablehttp
  version: 794af36148bf63c118d6db80eb902a136b907e71
testImports:
- name: github.com/onsi/ginkgo
  version: ""
- name: github.com/onsi/gomega
  version: ""
  subpackages:
  - gexec
  - types
