hash: 4ebf2d3f88fb83f3c6d7994fbe81f0aa4e53aff9d1d8c22286fe1b52ddc3206e
updated: 2020-01-07T10:53:49.175053+01:00
imports:
- name: code.cloudfoundry.org/go-diodes
  version: f77fb823c7ee0156ed4cdadaf4f79ac3fd84613f
- name: code.cloudfoundry.org/go-loggregator
  version: b8d176783c8a6280a34f0e19e0e8f57d722773a1
  subpackages:
  - rpc/loggregator_v2
- name: code.cloudfoundry.org/gofileutils
  version: 4d0c80011a0f37da1711c184028bc40137cd45af
  subpackages:
  - fileutils
- name: code.cloudfoundry.org/localip
  version: b88ad0dea95cd41f302cf7eb6ed951efafaf47f2
- name: code.cloudfoundry.org/rfc5424
  version: 236a6d29298aea12f69978f33393d12465abc429
- name: github.com/cloudfoundry-community/go-cfclient
  version: 35bcce23fc5f8b9969723ac38c0de1f82c4d3471
- name: github.com/cloudfoundry-incubator/uaago
  version: be6a0cef0130f933079e4c958abac60fadea0c85
- name: github.com/cloudfoundry/gosteno
  version: 0c8581caea35ac903728230e447792e2365dcc34
  subpackages:
  - syslog
- name: github.com/gogo/protobuf
  version: 100ba4e885062801d56799d78530b73b178a78f3
  subpackages:
  - proto
- name: github.com/golang/protobuf
  version: ed6926b37a637426117ccab59282c3839528a700
  subpackages:
  - jsonpb
  - proto
  - ptypes
  - ptypes/any
  - ptypes/duration
  - ptypes/struct
  - ptypes/timestamp
- name: github.com/gorilla/websocket
  version: c3e18be99d19e6b3e8f1559eea2c161a665c4b6b
- name: github.com/hashicorp/go-cleanhttp
  version: d3fcbee8e1810ecee4bdbf415f42f84cfd0e3361
- name: github.com/hashicorp/go-retryablehttp
  version: 85a8ee556d7323a4faf0f4c17ee900e9ff1482e8
- name: github.com/Masterminds/semver
  version: fe7c21038085e01e67044ec1efe3afb1eaa59f75
- name: github.com/pkg/errors
  version: ba968bfe8b2f7e042a574c888954fccecfa385b4
- name: golang.org/x/net
  version: fe3aa8a4527195a6057b3fad46619d7d090e99b5
  subpackages:
  - context
  - context/ctxhttp
  - html
  - html/atom
  - html/charset
  - http/httpguts
  - http2
  - http2/hpack
  - idna
  - internal/timeseries
  - trace
- name: golang.org/x/oauth2
  version: 0f29369cfe4552d0e4bcddc57cc75f4d7e672a33
  subpackages:
  - clientcredentials
  - internal
- name: golang.org/x/sys
  version: 195ce5e7f934b923d8fc432cf5a2561f2b334da9
  subpackages:
  - unix
- name: golang.org/x/text
  version: 3d0f7978add91030e5e8976ff65ccdd828286cba
  subpackages:
  - encoding
  - encoding/charmap
  - encoding/htmlindex
  - encoding/internal
  - encoding/internal/identifier
  - encoding/japanese
  - encoding/korean
  - encoding/simplifiedchinese
  - encoding/traditionalchinese
  - encoding/unicode
  - internal/language
  - internal/language/compact
  - internal/tag
  - internal/utf8internal
  - language
  - runes
  - secure/bidirule
  - transform
  - unicode/bidi
  - unicode/norm
- name: google.golang.org/appengine
  version: 16bce7d3dc4e458f2f6f56a1349cbbfcdc8a8fdf
  subpackages:
  - internal
  - internal/base
  - internal/datastore
  - internal/log
  - internal/remote_api
  - internal/urlfetch
  - urlfetch
- name: google.golang.org/genproto
  version: 919d9bdd9fe6f1a5dd95ce5d5e4cdb8fd3c516d0
  subpackages:
  - googleapis/rpc/status
- name: google.golang.org/grpc
  version: 4ec516e58900fb35115553b525e0fb7eb29fd6e3
  subpackages:
  - backoff
  - balancer
  - balancer/base
  - balancer/roundrobin
  - binarylog/grpc_binarylog_v1
  - codes
  - connectivity
  - credentials
  - credentials/internal
  - encoding
  - encoding/proto
  - grpclog
  - internal
  - internal/backoff
  - internal/balancerload
  - internal/binarylog
  - internal/channelz
  - internal/envconfig
  - internal/grpcrand
  - internal/grpcsync
  - internal/resolver/dns
  - internal/resolver/passthrough
  - internal/syscall
  - internal/transport
  - keepalive
  - metadata
  - naming
  - peer
  - resolver
  - serviceconfig
  - stats
  - status
  - tap
testImports:
- name: github.com/hpcloud/tail
  version: a1dbeea552b7c8df4b542c66073e393de198a800
  subpackages:
  - ratelimiter
  - util
  - watch
  - winfile
- name: github.com/onsi/ginkgo
  version: 2e1be8f7d90e9d3e3e58b0ce470f2f14d075406f
  subpackages:
  - config
  - internal/codelocation
  - internal/containernode
  - internal/failer
  - internal/leafnodes
  - internal/remote
  - internal/spec
  - internal/spec_iterator
  - internal/specrunner
  - internal/suite
  - internal/testingtproxy
  - internal/writer
  - reporters
  - reporters/stenographer
  - reporters/stenographer/support/go-colorable
  - reporters/stenographer/support/go-isatty
  - types
- name: github.com/onsi/gomega
  version: 65fb64232476ad9046e57c26cd0bff3d3a8dc6cd
  subpackages:
  - format
  - gbytes
  - gexec
  - internal/assertion
  - internal/asyncassertion
  - internal/oraclematcher
  - internal/testingtsupport
  - matchers
  - matchers/support/goraph/bipartitegraph
  - matchers/support/goraph/edge
  - matchers/support/goraph/node
  - matchers/support/goraph/util
  - types
- name: gopkg.in/fsnotify/fsnotify.v1
  version: c2828203cd70a50dcccfb2761f8b1f8ceef9a8e9
- name: gopkg.in/tomb.v1
  version: c131134a1947e9afd9cecfe11f4c6dff0732ae58
- name: gopkg.in/yaml.v2
  version: f221b8435cfb71e54062f6c6e99e9ade30b124d5
