cloud.google.com/go v0.34.0/go.mod h1:aQUYkXzVsufM+DwF1aE+0xfcU+56JwCaLick0ClmMTw=
code.cloudfoundry.org/go-diodes v0.0.0-20190809170250-f77fb823c7ee h1:iAAPf9s7/+BIiGf+RjgcXLm3NoZaLIJsBXJuUa63Lx8=
code.cloudfoundry.org/go-diodes v0.0.0-20190809170250-f77fb823c7ee/go.mod h1:Jzi+ccHgo/V/PLQUaQ6hnZcC1c4BS790gx21LRRui4g=
code.cloudfoundry.org/go-loggregator v7.4.0+incompatible h1:KqZYloMQWM5Zg/BQKunOIA4OODh7djZbk48qqbowNFI=
code.cloudfoundry.org/go-loggregator v7.4.0+incompatible/go.mod h1:KPBTRqj+y738Nhf1+g4JHFaBU8j7dedirR5ETNHvMXU=
code.cloudfoundry.org/go-loggregator/v10 v10.2.0 h1:0vUdIKvZb+eDoZ06xy/L0R0KIK9qH4S8CTmIqjylZEE=
code.cloudfoundry.org/go-loggregator/v10 v10.2.0/go.mod h1:5rfrVz/L3CLsWeKqXFcgfZLTvAhyL8ZR0bRquHfT4RM=
code.cloudfoundry.org/gofileutils v0.0.0-20170111115228-4d0c80011a0f h1:UrKzEwTgeiff9vxdrfdqxibzpWjxLnuXDI5m6z3GJAk=
code.cloudfoundry.org/gofileutils v0.0.0-20170111115228-4d0c80011a0f/go.mod h1:sk5LnIjB/nIEU7yP5sDQExVm62wu0pBh3yrElngUisI=
code.cloudfoundry.org/localip v0.62.0 h1:+lG/obhT58vqwSccSj7oBnrqjvKJXsuR0FtqgDU4djo=
code.cloudfoundry.org/localip v0.62.0/go.mod h1:VRrLyT6TA36+evCQsCnM4nD1soLtWGsR9O1KGJht4zs=
code.cloudfoundry.org/rfc5424 v0.0.0-20201103192249-000122071b78 h1:mrZQaZmuDIPhSp6b96b+CRKC2uH44ifa5cjDV2epKis=
code.cloudfoundry.org/rfc5424 v0.0.0-20201103192249-000122071b78/go.mod h1:tkZo8GtzBjySJ7USvxm4E36lNQw1D3xM6oKHGqdaAJ4=
code.cloudfoundry.org/tlsconfig v0.23.0 h1:1wca1WPUj5p/1KISAFQxlQPzDO7SGoXw0FV6rC/zo2s=
code.cloudfoundry.org/tlsconfig v0.23.0/go.mod h1:cFCgtxwP9+ZQ9InkQhWX0g6GZKJxs1et4zJCF9TCO2A=
filippo.io/edwards25519 v1.1.0 h1:FNf4tywRC1HmFuKW5xopWpigGjJKiJSV0Cqo0cJWDaA=
filippo.io/edwards25519 v1.1.0/go.mod h1:BxyFTGdWcka3PhytdK4V28tE5sGfRvvvRV7EaN4VDT4=
github.com/Masterminds/semver v1.4.2 h1:WBLTQ37jOCzSLtXNdoo8bNM8876KhNqOKvrlGITgsTc=
github.com/Masterminds/semver v1.4.2/go.mod h1:MB6lktGJrhw8PrUyiEoblNEGEQ+RzHPF078ddwwvV3Y=
github.com/Masterminds/semver/v3 v3.4.0 h1:Zog+i5UMtVoCU8oKka5P7i9q9HgrJeGzI9SA1Xbatp0=
github.com/Masterminds/semver/v3 v3.4.0/go.mod h1:4V+yj/TJE1HU9XfppCwVMZq3I84lprf4nC11bSS5beM=
github.com/cloudfoundry-community/go-cfclient v0.0.0-20210621174645-7773f7e22665 h1:LDCKU3OIIsl7sX1KggC6zIHKk0PCeYbmOGbCHqNCSOQ=
github.com/cloudfoundry-community/go-cfclient v0.0.0-20210621174645-7773f7e22665/go.mod h1:0FdHblxw7g3M2PPICOw9i8YZOHP9dZTHbJUtoxL7Z/E=
github.com/cloudfoundry/gosteno v0.0.0-20150423193413-0c8581caea35 h1:HdAWGlVEbFxuALqHXYu14XvAbRbyWZLd817ojygGnk0=
github.com/cloudfoundry/gosteno v0.0.0-20150423193413-0c8581caea35/go.mod h1:3YBPUR85RIrvaUTdA1dL38YSp6s3OHu1xrWLkGt2Mog=
github.com/codegangsta/inject v0.0.0-20150114235600-33e0aa1cb7c0 h1:sDMmm+q/3+BukdIpxwO365v/Rbspp2Nt5XntgQRXq8Q=
github.com/codegangsta/inject v0.0.0-20150114235600-33e0aa1cb7c0/go.mod h1:4Zcjuz89kmFXt9morQgcfYZAYZ5n8WHjt81YYWIwtTM=
github.com/davecgh/go-spew v1.1.1 h1:vj9j/u1bqnvCEfJOwUhtlOARqs3+rkHYY13jYWTU97c=
github.com/davecgh/go-spew v1.1.1/go.mod h1:J7Y8YcW2NihsgmVo/mv3lAwl/skON4iLHjSsI+c5H38=
github.com/fatih/color v1.16.0 h1:zmkK9Ngbjj+K0yRhTVONQh1p/HknKYSlNT+vZCzyokM=
github.com/fatih/color v1.16.0/go.mod h1:fL2Sau1YI5c0pdGEVCbKQbLXB6edEj1ZgiY4NijnWvE=
github.com/fsnotify/fsnotify v1.4.7/go.mod h1:jwhsz4b93w/PPRr/qN1Yymfu8t87LnFCMoQvtojpjFo=
github.com/gkampitakis/ciinfo v0.3.2 h1:JcuOPk8ZU7nZQjdUhctuhQofk7BGHuIy0c9Ez8BNhXs=
github.com/gkampitakis/ciinfo v0.3.2/go.mod h1:1NIwaOcFChN4fa/B0hEBdAb6npDlFL8Bwx4dfRLRqAo=
github.com/gkampitakis/go-diff v1.3.2 h1:Qyn0J9XJSDTgnsgHRdz9Zp24RaJeKMUHg2+PDZZdC4M=
github.com/gkampitakis/go-diff v1.3.2/go.mod h1:LLgOrpqleQe26cte8s36HTWcTmMEur6OPYerdAAS9tk=
github.com/gkampitakis/go-snaps v0.5.15 h1:amyJrvM1D33cPHwVrjo9jQxX8g/7E2wYdZ+01KS3zGE=
github.com/gkampitakis/go-snaps v0.5.15/go.mod h1:HNpx/9GoKisdhw9AFOBT1N7DBs9DiHo/hGheFGBZ+mc=
github.com/go-logr/logr v1.4.3 h1:CjnDlHq8ikf6E492q6eKboGOC0T8CDaOvkHCIg8idEI=
github.com/go-logr/logr v1.4.3/go.mod h1:9T104GzyrTigFIr8wt5mBrctHMim0Nb2HLGrmQ40KvY=
github.com/go-logr/stdr v1.2.2 h1:hSWxHoqTgW2S2qGc0LTAI563KZ5YKYRhT3MFKZMbjag=
github.com/go-logr/stdr v1.2.2/go.mod h1:mMo/vtBO5dYbehREoey6XUKy/eSumjCCveDpRre4VKE=
github.com/go-martini/martini v0.0.0-20170121215854-22fa46961aab h1:xveKWz2iaueeTaUgdetzel+U7exyigDYBryyVfV/rZk=
github.com/go-martini/martini v0.0.0-20170121215854-22fa46961aab/go.mod h1:/P9AEU963A2AYjv4d1V5eVL1CQbEJq6aCNHDDjibzu8=
github.com/go-task/slim-sprig/v3 v3.0.0 h1:sUs3vkvUymDpBKi3qH1YSqBQk9+9D/8M2mN1vB6EwHI=
github.com/go-task/slim-sprig/v3 v3.0.0/go.mod h1:W848ghGpv3Qj3dhTPRyJypKRiqCdHZiAzKg9hl15HA8=
github.com/goccy/go-yaml v1.18.0 h1:8W7wMFS12Pcas7KU+VVkaiCng+kG8QiFeFwzFb+rwuw=
github.com/goccy/go-yaml v1.18.0/go.mod h1:XBurs7gK8ATbW4ZPGKgcbrY1Br56PdM69F7LkFRi1kA=
github.com/gogo/protobuf v1.3.2 h1:Ov1cvc58UF3b5XjBnZv7+opcTcQFZebYjWzi34vdm4Q=
github.com/gogo/protobuf v1.3.2/go.mod h1:P1XiOD3dCwIKUDQYPy72D8LYyHL2YPYrpS2s69NZV8Q=
github.com/golang/protobuf v1.2.0/go.mod h1:6lQm79b+lXiMfvg/cZm0SGofjICqVBUtrP5yJMmIC1U=
github.com/golang/protobuf v1.5.4 h1:i7eJL8qZTpSEXOPTxNKhASYpMn+8e5Q6AdndVa1dWek=
github.com/golang/protobuf v1.5.4/go.mod h1:lnTiLA8Wa4RWRcIUkrtSVa5nRhsEGBg48fD6rSs7xps=
github.com/google/go-cmp v0.7.0 h1:wk8382ETsv4JYUZwIsn6YpYiWiBsYLSJiTsyBybVuN8=
github.com/google/go-cmp v0.7.0/go.mod h1:pXiqmnSA92OHEEa9HXL2W4E7lf9JzCmGVUdgjX3N/iU=
github.com/google/pprof v0.0.0-20260202012954-cb029daf43ef h1:xpF9fUHpoIrrjX24DURVKiwHcFpw19ndIs+FwTSMbno=
github.com/google/pprof v0.0.0-20260202012954-cb029daf43ef/go.mod h1:MxpfABSjhmINe3F1It9d+8exIHFvUqtLIRCdOGNXqiI=
github.com/google/uuid v1.6.0 h1:NIvaJDMOsjHA8n1jAhLSgzrAzy1Hgr+hNrb57e+94F0=
github.com/google/uuid v1.6.0/go.mod h1:TIyPZe4MgqvfeYDBFedMoGGpEw/LqOeaOT+nhxU+yHo=
github.com/gopherjs/gopherjs v0.0.0-20181017120253-0766667cb4d1 h1:EGx4pi6eqNxGaHF6qqu48+N2wcFQ5qg5FXgOdqsJ5d8=
github.com/gopherjs/gopherjs v0.0.0-20181017120253-0766667cb4d1/go.mod h1:wJfORRmW1u3UXTncJ5qlYoELFm8eSnnEO6hX4iZ3EWY=
github.com/gorilla/websocket v1.4.2 h1:+/TMaTYc4QFitKJxsQ7Yye35DkWvkdLcvGKqM+x0Ufc=
github.com/gorilla/websocket v1.4.2/go.mod h1:YR8l580nyteQvAITg2hZ9XVh4b55+EU/adAjf1fMHhE=
github.com/hashicorp/go-cleanhttp v0.5.2 h1:035FKYIWjmULyFRBKPs8TBQoi0x6d9G4xc9neXJWAZQ=
github.com/hashicorp/go-cleanhttp v0.5.2/go.mod h1:kO/YDlP8L1346E6Sodw+PrpBSV4/SoxCXGY6BqNFT48=
github.com/hashicorp/go-hclog v1.6.3 h1:Qr2kF+eVWjTiYmU7Y31tYlP1h0q/X3Nl3tPGdaB11/k=
github.com/hashicorp/go-hclog v1.6.3/go.mod h1:W4Qnvbt70Wk/zYJryRzDRU/4r0kIg0PVHBcfoyhpF5M=
github.com/hashicorp/go-retryablehttp v0.7.7 h1:C8hUCYzor8PIfXHa4UrZkU4VvK8o9ISHxT2Q8+VepXU=
github.com/hashicorp/go-retryablehttp v0.7.7/go.mod h1:pkQpWZeYWskR+D1tR2O5OcBFOxfA7DoAO6xtkuQnHTk=
github.com/hpcloud/tail v1.0.0 h1:nfCOvKYfkgYP8hkirhJocXT2+zOD8yUNjXaWfTlyFKI=
github.com/hpcloud/tail v1.0.0/go.mod h1:ab1qPbhIpdTxEkNHXyeSf5vhxWSCs/tWer42PpOxQnU=
github.com/joshdk/go-junit v1.0.0 h1:S86cUKIdwBHWwA6xCmFlf3RTLfVXYQfvanM5Uh+K6GE=
github.com/joshdk/go-junit v1.0.0/go.mod h1:TiiV0PqkaNfFXjEiyjWM3XXrhVyCa1K4Zfga6W52ung=
github.com/jtolds/gls v4.20.0+incompatible h1:xdiiI2gbIgH/gLH7ADydsJ1uDOEzR8yvV7C0MuV77Wo=
github.com/jtolds/gls v4.20.0+incompatible/go.mod h1:QJZ7F/aHp+rZTRtaJ1ow/lLfFfVYBRgL+9YlvaHOwJU=
github.com/kisielk/errcheck v1.5.0/go.mod h1:pFxgyoBC7bSaBwPgfKdkLd5X25qrDl4LWUI2bnpBCr8=
github.com/kisielk/gotool v1.0.0/go.mod h1:XhKaO+MFFWcvkIS/tQcRk01m1F5IRFswLeQ+oQHNcck=
github.com/kr/pretty v0.1.0/go.mod h1:dAy3ld7l9f0ibDNOQOHHMYYIIbhfbHSm3C4ZsoJORNo=
github.com/kr/pretty v0.3.1 h1:flRD4NNwYAUpkphVc1HcthR4KEIFJ65n8Mw5qdRn3LE=
github.com/kr/pretty v0.3.1/go.mod h1:hoEshYVHaxMs3cyo3Yncou5ZscifuDolrwPKZanG3xk=
github.com/kr/pty v1.1.1/go.mod h1:pFQYn66WHrOpPYNljwOMqo10TkYh1fy3cYio2l3bCsQ=
github.com/kr/text v0.1.0/go.mod h1:4Jbv+DJW3UT/LiOwJeYQe1efqtUx/iVham/4vfdArNI=
github.com/kr/text v0.2.0 h1:5Nx0Ya0ZqY2ygV366QzturHI13Jq95ApcVaJBhpS+AY=
github.com/kr/text v0.2.0/go.mod h1:eLer722TekiGuMkidMxC/pM04lWEeraHUUmBw8l2grE=
github.com/martini-contrib/render v0.0.0-20150707142108-ec18f8345a11 h1:YFh+sjyJTMQSYjKwM4dFKhJPJC/wfo98tPUc17HdoYw=
github.com/martini-contrib/render v0.0.0-20150707142108-ec18f8345a11/go.mod h1:Ah2dBMoxZEqk118as2T4u4fjfXarE0pPnMJaArZQZsI=
github.com/maruel/natural v1.1.1 h1:Hja7XhhmvEFhcByqDoHz9QZbkWey+COd9xWfCfn1ioo=
github.com/maruel/natural v1.1.1/go.mod h1:v+Rfd79xlw1AgVBjbO0BEQmptqb5HvL/k9GRHB7ZKEg=
github.com/mattn/go-colorable v0.1.13 h1:fFA4WZxdEF4tXPZVKMLwD8oUnCTTo08duU7wxecdEvA=
github.com/mattn/go-colorable v0.1.13/go.mod h1:7S9/ev0klgBDR4GtXTXX8a3vIGJpMovkB8vQcUbaXHg=
github.com/mattn/go-isatty v0.0.20 h1:xfD0iDuEKnDkl03q4limB+vH+GxLEtL/jb4xVJSWWEY=
github.com/mattn/go-isatty v0.0.20/go.mod h1:W+V8PltTTMOvKvAeJH7IuucS94S2C6jfK/D7dTCTo3Y=
github.com/mfridman/tparse v0.18.0 h1:wh6dzOKaIwkUGyKgOntDW4liXSo37qg5AXbIhkMV3vE=
github.com/mfridman/tparse v0.18.0/go.mod h1:gEvqZTuCgEhPbYk/2lS3Kcxg1GmTxxU7kTC8DvP0i/A=
github.com/onsi/ginkgo v1.6.0 h1:Ix8l273rp3QzYgXSR+c8d1fTG7UPgYkOSELPhiY/YGw=
github.com/onsi/ginkgo v1.6.0/go.mod h1:lLunBs/Ym6LB5Z9jYTR76FiuTmxDTDusOGeTQH+WWjE=
github.com/onsi/ginkgo/v2 v2.28.1 h1:S4hj+HbZp40fNKuLUQOYLDgZLwNUVn19N3Atb98NCyI=
github.com/onsi/ginkgo/v2 v2.28.1/go.mod h1:CLtbVInNckU3/+gC8LzkGUb9oF+e8W8TdUsxPwvdOgE=
github.com/onsi/gomega v1.4.3/go.mod h1:ex+gbHU/CVuBBDIJjb2X0qEXbFg53c61hWP/1CpauHY=
github.com/onsi/gomega v1.39.1 h1:1IJLAad4zjPn2PsnhH70V4DKRFlrCzGBNrNaru+Vf28=
github.com/onsi/gomega v1.39.1/go.mod h1:hL6yVALoTOxeWudERyfppUcZXjMwIMLnuSfruD2lcfg=
github.com/oxtoacart/bpool v0.0.0-20150712133111-4e1c5567d7c2 h1:CXwSGu/LYmbjEab5aMCs5usQRVBGThelUKBNnoSOuso=
github.com/oxtoacart/bpool v0.0.0-20150712133111-4e1c5567d7c2/go.mod h1:L3UMQOThbttwfYRNFOWLLVXMhk5Lkio4GGOtw5UrxS0=
github.com/pkg/errors v0.8.1/go.mod h1:bwawxfHBFNV+L2hUp1rHADufV3IMtnDRdf1r5NINEl0=
github.com/pkg/errors v0.9.1 h1:FEBLx1zS214owpjy7qsBeixbURkuhQAwrK5UwLGTwt4=
github.com/pkg/errors v0.9.1/go.mod h1:bwawxfHBFNV+L2hUp1rHADufV3IMtnDRdf1r5NINEl0=
github.com/pmezard/go-difflib v1.0.0 h1:4DBwDE0NGyQoBHbLQYPwSUPoCMWR5BEzIk/f1lZbAQM=
github.com/pmezard/go-difflib v1.0.0/go.mod h1:iKH77koFhYxTK1pcRnkKkqfTogsbg7gZNVY4sRDYZ/4=
github.com/rogpeppe/go-internal v1.13.1 h1:KvO1DLK/DRN07sQ1LQKScxyZJuNnedQ5/wKSR38lUII=
github.com/rogpeppe/go-internal v1.13.1/go.mod h1:uMEvuHeurkdAXX61udpOXGD/AzZDWNMNyH2VO9fmH0o=
github.com/smartystreets/assertions v0.0.0-20180927180507-b2de0cb4f26d h1:zE9ykElWQ6/NYmHa3jpm/yHnI4xSofP+UP6SpjHcSeM=
github.com/smartystreets/assertions v0.0.0-20180927180507-b2de0cb4f26d/go.mod h1:OnSkiWE9lh6wB0YB77sQom3nweQdgAjqCqsofrRNTgc=
github.com/smartystreets/goconvey v0.0.0-20190330032615-68dc04aab96a h1:pa8hGb/2YqsZKovtsgrwcDH1RZhVbTKCjLp47XpqCDs=
github.com/smartystreets/goconvey v0.0.0-20190330032615-68dc04aab96a/go.mod h1:syvi0/a8iFYH4r/RixwvyeAJjdLS9QV7WQ/tjFTllLA=
github.com/square/certstrap v1.3.0 h1:N9P0ZRA+DjT8pq5fGDj0z3FjafRKnBDypP0QHpMlaAk=
github.com/square/certstrap v1.3.0/go.mod h1:wGZo9eE1B7WX2GKBn0htJ+B3OuRl2UsdCFySNooy9hU=
github.com/stretchr/testify v1.8.4 h1:CcVxjf3Q8PM0mHUKJCdn+eZZtm5yQwehR5yeSVQQcUk=
github.com/stretchr/testify v1.8.4/go.mod h1:sz/lmYIOXD/1dqDmKjjqLyZ2RngseejIcXlSw2iwfAo=
github.com/tidwall/gjson v1.18.0 h1:FIDeeyB800efLX89e5a8Y0BNH+LOngJyGrIWxG2FKQY=
github.com/tidwall/gjson v1.18.0/go.mod h1:/wbyibRr2FHMks5tjHJ5F8dMZh3AcwJEMf5vlfC0lxk=
github.com/tidwall/match v1.1.1 h1:+Ho715JplO36QYgwN9PGYNhgZvoUSc9X2c80KVTi+GA=
github.com/tidwall/match v1.1.1/go.mod h1:eRSPERbgtNPcGhD8UCthc6PmLEQXEWd3PRB5JTxsfmM=
github.com/tidwall/pretty v1.2.1 h1:qjsOFOWWQl+N3RsoF5/ssm1pHmJJwhjlSbZ51I6wMl4=
github.com/tidwall/pretty v1.2.1/go.mod h1:ITEVvHYasfjBbM0u2Pg8T2nJnzm8xPwvNhhsoaGGjNU=
github.com/tidwall/sjson v1.2.5 h1:kLy8mja+1c9jlljvWTlSazM7cKDRfJuR/bOJhcY5NcY=
github.com/tidwall/sjson v1.2.5/go.mod h1:Fvgq9kS/6ociJEDnK0Fk1cpYF4FIW6ZF7LAe+6jwd28=
github.com/yuin/goldmark v1.1.27/go.mod h1:3hX8gzYuyVAZsxl0MRgGTJEmQBFcNTphYh9decYSb74=
github.com/yuin/goldmark v1.2.1/go.mod h1:3hX8gzYuyVAZsxl0MRgGTJEmQBFcNTphYh9decYSb74=
go.opentelemetry.io/auto/sdk v1.1.0 h1:cH53jehLUN6UFLY71z+NDOiNJqDdPRaXzTel0sJySYA=
go.opentelemetry.io/auto/sdk v1.1.0/go.mod h1:3wSPjt5PWp2RhlCcmmOial7AvC4DQqZb7a7wCow3W8A=
go.opentelemetry.io/otel v1.34.0 h1:zRLXxLCgL1WyKsPVrgbSdMN4c0FMkDAskSTQP+0hdUY=
go.opentelemetry.io/otel v1.34.0/go.mod h1:OWFPOQ+h4G8xpyjgqo4SxJYdDQ/qmRH+wivy7zzx9oI=
go.opentelemetry.io/otel/metric v1.34.0 h1:+eTR3U0MyfWjRDhmFMxe2SsW64QrZ84AOhvqS7Y+PoQ=
go.opentelemetry.io/otel/metric v1.34.0/go.mod h1:CEDrp0fy2D0MvkXE+dPV7cMi8tWZwX3dmaIhwPOaqHE=
go.opentelemetry.io/otel/sdk v1.34.0 h1:95zS4k/2GOy069d321O8jWgYsW3MzVV+KuSPKp7Wr1A=
go.opentelemetry.io/otel/sdk v1.34.0/go.mod h1:0e/pNiaMAqaykJGKbi+tSjWfNNHMTxoC9qANsCzbyxU=
go.opentelemetry.io/otel/sdk/metric v1.34.0 h1:5CeK9ujjbFVL5c1PhLuStg1wxA7vQv7ce1EK0Gyvahk=
go.opentelemetry.io/otel/sdk/metric v1.34.0/go.mod h1:jQ/r8Ze28zRKoNRdkjCZxfs6YvBTG1+YIqyFVFYec5w=
go.opentelemetry.io/otel/trace v1.34.0 h1:+ouXS2V8Rd4hp4580a8q23bg0azF2nI8cqLYnC8mh/k=
go.opentelemetry.io/otel/trace v1.34.0/go.mod h1:Svm7lSjQD7kG7KJ/MUHPVXSDGz2OX4h0M2jHBhmSfRE=
go.step.sm/crypto v0.60.0 h1:UgSw8DFG5xUOGB3GUID17UA32G4j1iNQ4qoMhBmsVFw=
go.step.sm/crypto v0.60.0/go.mod h1:Ep83Lv818L4gV0vhFTdPWRKnL6/5fRMpi8SaoP5ArSw=
go.yaml.in/yaml/v3 v3.0.4 h1:tfq32ie2Jv2UxXFdLJdh3jXuOzWiL1fo0bu/FbuKpbc=
go.yaml.in/yaml/v3 v3.0.4/go.mod h1:DhzuOOF2ATzADvBadXxruRBLzYTpT36CKvDb3+aBEFg=
golang.org/x/crypto v0.0.0-20190308221718-c2843e01d9a2/go.mod h1:djNgcEr1/C05ACkg1iLfiJU5Ep61QUkGW8qpdssI0+w=
golang.org/x/crypto v0.0.0-20191011191535-87dc89f01550/go.mod h1:yigFU9vqHzYiE8UmvKecakEJjdnWj3jj499lnFckfCI=
golang.org/x/crypto v0.0.0-20200622213623-75b288015ac9/go.mod h1:LzIPMQfyMNhhGPhUkYOs5KpL4U8rLKemX1yGLhDgUto=
golang.org/x/crypto v0.47.0 h1:V6e3FRj+n4dbpw86FJ8Fv7XVOql7TEwpHapKoMJ/GO8=
golang.org/x/crypto v0.47.0/go.mod h1:ff3Y9VzzKbwSSEzWqJsJVBnWmRwRSHt/6Op5n9bQc4A=
golang.org/x/mod v0.2.0/go.mod h1:s0Qsj1ACt9ePp/hMypM3fl4fZqREWJwdYDEqhRiZZUA=
golang.org/x/mod v0.3.0/go.mod h1:s0Qsj1ACt9ePp/hMypM3fl4fZqREWJwdYDEqhRiZZUA=
golang.org/x/mod v0.32.0 h1:9F4d3PHLljb6x//jOyokMv3eX+YDeepZSEo3mFJy93c=
golang.org/x/mod v0.32.0/go.mod h1:SgipZ/3h2Ci89DlEtEXWUk/HteuRin+HHhN+WbNhguU=
golang.org/x/net v0.0.0-20180724234803-3673e40ba225/go.mod h1:mL1N/T3taQHkDXs73rZJwtUhF3w3ftmwwsq0BUmARs4=
golang.org/x/net v0.0.0-20180906233101-161cd47e91fd/go.mod h1:mL1N/T3taQHkDXs73rZJwtUhF3w3ftmwwsq0BUmARs4=
golang.org/x/net v0.0.0-20190108225652-1e06a53dbb7e/go.mod h1:mL1N/T3taQHkDXs73rZJwtUhF3w3ftmwwsq0BUmARs4=
golang.org/x/net v0.0.0-20190311183353-d8887717615a/go.mod h1:t9HGtf8HONx5eT2rtn7q6eTqICYqUVnKs3thJo3Qplg=
golang.org/x/net v0.0.0-20190404232315-eb5bcb51f2a3/go.mod h1:t9HGtf8HONx5eT2rtn7q6eTqICYqUVnKs3thJo3Qplg=
golang.org/x/net v0.0.0-20190620200207-3b0461eec859/go.mod h1:z5CRVTTTmAJ677TzLLGU+0bjPO0LkuOLi4/5GtJWs/s=
golang.org/x/net v0.0.0-20200226121028-0de0cce0169b/go.mod h1:z5CRVTTTmAJ677TzLLGU+0bjPO0LkuOLi4/5GtJWs/s=
golang.org/x/net v0.0.0-20201021035429-f5854403a974/go.mod h1:sp8m0HH+o8qH0wwXwYZr8TS3Oi6o0r6Gce1SSxlDquU=
golang.org/x/net v0.49.0 h1:eeHFmOGUTtaaPSGNmjBKpbng9MulQsJURQUAfUwY++o=
golang.org/x/net v0.49.0/go.mod h1:/ysNB2EvaqvesRkuLAyjI1ycPZlQHM3q01F02UY/MV8=
golang.org/x/oauth2 v0.0.0-20190130055435-99b60b757ec1/go.mod h1:gOpvHmFTYa4IltrdGE7lF6nIHvwfUNPOp7c8zoXwtLw=
golang.org/x/oauth2 v0.27.0 h1:da9Vo7/tDv5RH/7nZDz1eMGS/q1Vv1N/7FCrBhI9I3M=
golang.org/x/oauth2 v0.27.0/go.mod h1:onh5ek6nERTohokkhCD/y2cV4Do3fxFHFuAejCkRWT8=
golang.org/x/sync v0.0.0-20180314180146-1d60e4601c6f/go.mod h1:RxMgew5VJxzue5/jJTE5uejpjVlOe/izrB70Jof72aM=
golang.org/x/sync v0.0.0-20181221193216-37e7f081c4d4/go.mod h1:RxMgew5VJxzue5/jJTE5uejpjVlOe/izrB70Jof72aM=
golang.org/x/sync v0.0.0-20190423024810-112230192c58/go.mod h1:RxMgew5VJxzue5/jJTE5uejpjVlOe/izrB70Jof72aM=
golang.org/x/sync v0.0.0-20190911185100-cd5d95a43a6e/go.mod h1:RxMgew5VJxzue5/jJTE5uejpjVlOe/izrB70Jof72aM=
golang.org/x/sync v0.0.0-20201020160332-67f06af15bc9/go.mod h1:RxMgew5VJxzue5/jJTE5uejpjVlOe/izrB70Jof72aM=
golang.org/x/sync v0.19.0 h1:vV+1eWNmZ5geRlYjzm2adRgW2/mcpevXNg50YZtPCE4=
golang.org/x/sync v0.19.0/go.mod h1:9KTHXmSnoGruLpwFjVSX0lNNA75CykiMECbovNTZqGI=
golang.org/x/sys v0.0.0-20180909124046-d0be0721c37e/go.mod h1:STP8DvDyc/dI5b8T5hshtkjS+E42TnysNCUPdjciGhY=
golang.org/x/sys v0.0.0-20190215142949-d0b11bdaac8a/go.mod h1:STP8DvDyc/dI5b8T5hshtkjS+E42TnysNCUPdjciGhY=
golang.org/x/sys v0.0.0-20190412213103-97732733099d/go.mod h1:h1NjWce9XRLGQEsW7wpKNCjG9DtNlClVuFLEZdDNbEs=
golang.org/x/sys v0.0.0-20200930185726-fdedc70b468f/go.mod h1:h1NjWce9XRLGQEsW7wpKNCjG9DtNlClVuFLEZdDNbEs=
golang.org/x/sys v0.40.0 h1:DBZZqJ2Rkml6QMQsZywtnjnnGvHza6BTfYFWY9kjEWQ=
golang.org/x/sys v0.40.0/go.mod h1:OgkHotnGiDImocRcuBABYBEXf8A9a87e/uXjp9XT3ks=
golang.org/x/text v0.3.0/go.mod h1:NqM8EUOU14njkJ3fqMW+pc6Ldnwhi/IjpwHt7yyuwOQ=
golang.org/x/text v0.3.3/go.mod h1:5Zoc/QRtKVWzQhOtBMvqHzDpF6irO9z98xDceosuGiQ=
golang.org/x/text v0.33.0 h1:B3njUFyqtHDUI5jMn1YIr5B0IE2U0qck04r6d4KPAxE=
golang.org/x/text v0.33.0/go.mod h1:LuMebE6+rBincTi9+xWTY8TztLzKHc/9C1uBCG27+q8=
golang.org/x/tools v0.0.0-20180917221912-90fa682c2a6e/go.mod h1:n7NCudcB/nEzxVGmLbDWY5pfWTLqBcC2KZ6jyYvM4mQ=
golang.org/x/tools v0.0.0-20190328211700-ab21143f2384/go.mod h1:LCzVGOaR6xXOjkQ3onu1FJEFr0SW1gC7cKk1uF8kGRs=
golang.org/x/tools v0.0.0-20191119224855-298f0cb1881e/go.mod h1:b+2E5dAYhXwXZwtnZ6UAqBI28+e2cm9otk0dWdXHAEo=
golang.org/x/tools v0.0.0-20200619180055-7c47624df98f/go.mod h1:EkVYQZoAsY45+roYkvgYkIh4xh/qjgUK9TdY2XT94GE=
golang.org/x/tools v0.0.0-20210106214847-113979e3529a/go.mod h1:emZCQorbCU4vsT4fOWvOPXz4eW1wZW4PmDk9uLelYpA=
golang.org/x/tools v0.41.0 h1:a9b8iMweWG+S0OBnlU36rzLp20z1Rp10w+IY2czHTQc=
golang.org/x/tools v0.41.0/go.mod h1:XSY6eDqxVNiYgezAVqqCeihT4j1U2CCsqvH3WhQpnlg=
golang.org/x/xerrors v0.0.0-20190717185122-a985d3407aa7/go.mod h1:I/5z698sn9Ka8TeJc9MKroUUfqBBauWjQqLJ2OPfmY0=
golang.org/x/xerrors v0.0.0-20191011141410-1b5146add898/go.mod h1:I/5z698sn9Ka8TeJc9MKroUUfqBBauWjQqLJ2OPfmY0=
golang.org/x/xerrors v0.0.0-20191204190536-9bdfabe68543/go.mod h1:I/5z698sn9Ka8TeJc9MKroUUfqBBauWjQqLJ2OPfmY0=
golang.org/x/xerrors v0.0.0-20200804184101-5ec99f83aff1/go.mod h1:I/5z698sn9Ka8TeJc9MKroUUfqBBauWjQqLJ2OPfmY0=
google.golang.org/appengine v1.4.0/go.mod h1:xpcJRLb0r/rnEns0DIKYYv+WjYCduHsrkT7/EB5XEv4=
google.golang.org/genproto v0.0.0-20230410155749-daa745c078e1 h1:KpwkzHKEF7B9Zxg18WzOa7djJ+Ha5DzthMyZYQfEn2A=
google.golang.org/genproto v0.0.0-20230410155749-daa745c078e1/go.mod h1:nKE/iIaLqn2bQwXBg8f1g2Ylh6r5MN5CmZvuzZCgsCU=
google.golang.org/grpc v1.71.1 h1:ffsFWr7ygTUscGPI0KKK6TLrGz0476KUvvsbqWK0rPI=
google.golang.org/grpc v1.71.1/go.mod h1:H0GRtasmQOh9LkFoCPDu3ZrwUtD1YGE+b2vYBYd/8Ec=
google.golang.org/protobuf v1.36.7 h1:IgrO7UwFQGJdRNXH/sQux4R1Dj1WAKcLElzeeRaXV2A=
google.golang.org/protobuf v1.36.7/go.mod h1:jduwjTPXsFjZGTmRluh+L6NjiWu7pchiJ2/5YcXBHnY=
gopkg.in/check.v1 v0.0.0-20161208181325-20d25e280405/go.mod h1:Co6ibVJAznAaIkqp8huTwlJQCZ016jof/cbN4VW5Yz0=
gopkg.in/check.v1 v1.0.0-20180628173108-788fd7840127 h1:qIbj1fsPNlZgppZ+VLlY7N33q108Sa+fhmuc+sWQYwY=
gopkg.in/check.v1 v1.0.0-20180628173108-788fd7840127/go.mod h1:Co6ibVJAznAaIkqp8huTwlJQCZ016jof/cbN4VW5Yz0=
gopkg.in/fsnotify.v1 v1.4.7 h1:xOHLXZwVvI9hhs+cLKq5+I5onOuwQLhQwiu63xxlHs4=
gopkg.in/fsnotify.v1 v1.4.7/go.mod h1:Tz8NjZHkW78fSQdbUxIjBTcgA1z1m8ZHf0WmKUhAMys=
gopkg.in/tomb.v1 v1.0.0-20141024135613-dd632973f1e7 h1:uRGJdciOHaEIrze2W8Q3AKkepLTh2hOroT7a+7czfdQ=
gopkg.in/tomb.v1 v1.0.0-20141024135613-dd632973f1e7/go.mod h1:dt/ZhP58zS4L8KSrWDmTeBkI65Dw0HsyUHuEVlX15mw=
gopkg.in/yaml.v2 v2.2.1/go.mod h1:hI93XBmqTisBFMUTm0b8Fm+jr3Dg1NNxqwp+5A1VGuI=
gopkg.in/yaml.v3 v3.0.1 h1:fxVm/GzAzEWqLHuvctI91KS9hhNmmWOoWu0XTYJS7CA=
gopkg.in/yaml.v3 v3.0.1/go.mod h1:K4uyk7z7BCEPqu6E+C64Yfv1cQ7kz7rIZviUmN+EgEM=
launchpad.net/gocheck v0.0.0-20140225173054-000000000087 h1:Izowp2XBH6Ya6rv+hqbceQyw/gSGoXfH/UPoTGduL54=
launchpad.net/gocheck v0.0.0-20140225173054-000000000087/go.mod h1:hj7XX3B/0A+80Vse0e+BUHsHMTEhd0O4cpUHr/e/BUM=
